// !$*UTF8*$!
{
archiveVersion = 1;
classes = {};
objectVersion = 56;
objects = {

/* Begin PBXBuildFile section */
4C5BDB450CED4586856BAC06 /* AppSwiftApp.swift in Sources */ = {isa = PBXBuildFile; fileRef = E9AB35F94AAD4DAC9242739B /* AppSwiftApp.swift */; };
755912FAA3A349C6989CE7D2 /* ContentView.swift in Sources */ = {isa = PBXBuildFile; fileRef = E545AF87113B43179EB616A7 /* ContentView.swift */; };
10BD17B31F0C434F9A2D58D9 /* ParityCheckView.swift in Sources */ = {isa = PBXBuildFile; fileRef = C9FABF1BBD824728B9EE2475 /* ParityCheckView.swift */; };
BAB0BE18542947C7B03DAC98 /* Assets.xcassets in Resources */ = {isa = PBXBuildFile; fileRef = 75659C43B3DC4AFDAFA1E436 /* Assets.xcassets */; };
0347096F2F9D4800B0D52ABA /* Preview Assets.xcassets in Resources */ = {isa = PBXBuildFile; fileRef = C37FED6E9EDE4FE0B23D553E /* Preview Assets.xcassets */; };
/* End PBXBuildFile section */

/* Begin PBXFileReference section */
6E95C0D3E6874FB2AF5595BB /* AppSwift.app */ = {isa = PBXFileReference; explicitFileType = wrapper.application; includeInIndex = 0; path = AppSwift.app; sourceTree = BUILT_PRODUCTS_DIR; };
E9AB35F94AAD4DAC9242739B /* AppSwiftApp.swift */ = {isa = PBXFileReference; lastKnownFileType = sourcecode.swift; path = AppSwiftApp.swift; sourceTree = "<group>"; };
E545AF87113B43179EB616A7 /* ContentView.swift */ = {isa = PBXFileReference; lastKnownFileType = sourcecode.swift; path = ContentView.swift; sourceTree = "<group>"; };
C9FABF1BBD824728B9EE2475 /* ParityCheckView.swift */ = {isa = PBXFileReference; lastKnownFileType = sourcecode.swift; path = ParityCheckView.swift; sourceTree = "<group>"; };
75659C43B3DC4AFDAFA1E436 /* Assets.xcassets */ = {isa = PBXFileReference; lastKnownFileType = folder.assetcatalog; path = Assets.xcassets; sourceTree = "<group>"; };
C37FED6E9EDE4FE0B23D553E /* Preview Assets.xcassets */ = {isa = PBXFileReference; lastKnownFileType = folder.assetcatalog; path = "Preview Assets.xcassets"; sourceTree = "<group>"; };
C3C89FE0BA8A4400959F4472 /* Info.plist */ = {isa = PBXFileReference; lastKnownFileType = text.plist.xml; path = Info.plist; sourceTree = "<group>"; };
/* End PBXFileReference section */

/* Begin PBXFrameworksBuildPhase section */
DC5D3ED403EE457F8BDF3C88 /* Frameworks */ = {
isa = PBXFrameworksBuildPhase;
buildActionMask = 2147483647;
files = (
);
runOnlyForDeploymentPostprocessing = 0;
};
/* End PBXFrameworksBuildPhase section */

/* Begin PBXGroup section */
CFC5588DC57946B29360CE89 = {
isa = PBXGroup;
children = (
C6C84DF494EE479EA43401E6 /* AppSwift */,
7A7955D40EC944999A59BD7C /* Products */,
);
sourceTree = "<group>";
};
C6C84DF494EE479EA43401E6 /* AppSwift */ = {
isa = PBXGroup;
children = (
E9AB35F94AAD4DAC9242739B /* AppSwiftApp.swift */,
E545AF87113B43179EB616A7 /* ContentView.swift */,
2DF324C52D1D4C84945C44B9 /* Views */,
1A41B07DD0B6467AABC8731F /* Resources */,
8041619BB43B4F129D3C5E14 /* Preview Content */,
C3C89FE0BA8A4400959F4472 /* Info.plist */,
);
path = AppSwift;
sourceTree = "<group>";
};
2DF324C52D1D4C84945C44B9 /* Views */ = {
isa = PBXGroup;
children = (
C9FABF1BBD824728B9EE2475 /* ParityCheckView.swift */,
);
path = Views;
sourceTree = "<group>";
};
1A41B07DD0B6467AABC8731F /* Resources */ = {
isa = PBXGroup;
children = (
75659C43B3DC4AFDAFA1E436 /* Assets.xcassets */,
);
path = Resources;
sourceTree = "<group>";
};
8041619BB43B4F129D3C5E14 /* Preview Content */ = {
isa = PBXGroup;
children = (
C37FED6E9EDE4FE0B23D553E /* Preview Assets.xcassets */,
);
path = "Preview Content";
sourceTree = "<group>";
};
7A7955D40EC944999A59BD7C /* Products */ = {
isa = PBXGroup;
children = (
6E95C0D3E6874FB2AF5595BB /* AppSwift.app */,
);
name = Products;
sourceTree = "<group>";
};
/* End PBXGroup section */

/* Begin PBXNativeTarget section */
25682EB3854B484BBFDDEC98 /* AppSwift */ = {
isa = PBXNativeTarget;
buildConfigurationList = 328B03EEA30D47488C6001D3 /* Build configuration list for PBXNativeTarget "AppSwift" */;
buildPhases = (
F5B61D0EA26541FA846C7D0D /* Sources */,
DC5D3ED403EE457F8BDF3C88 /* Frameworks */,
852950E605B64BF0A93DC09D /* Resources */,
);
buildRules = (
);
dependencies = (
);
name = AppSwift;
productName = AppSwift;
productReference = 6E95C0D3E6874FB2AF5595BB /* AppSwift.app */;
productType = "com.apple.product-type.application";
};
/* End PBXNativeTarget section */

/* Begin PBXProject section */
0FD2CD11663C47F59E23D15A /* Project object */ = {
isa = PBXProject;
attributes = {
BuildIndependentTargetsInParallel = YES;
LastSwiftUpdateCheck = 1430;
LastUpgradeCheck = 1430;
TargetAttributes = {
25682EB3854B484BBFDDEC98 = {
CreatedOnToolsVersion = 14.3;
};
};
};
buildConfigurationList = 07FBED9FB79D48B3BA8FF3F1 /* Build configuration list for PBXProject "AppSwift" */;
compatibilityVersion = "Xcode 14.0";
developmentRegion = en;
hasScannedForEncodings = 0;
knownRegions = (
en,
Base,
);
mainGroup = CFC5588DC57946B29360CE89;
productRefGroup = 7A7955D40EC944999A59BD7C /* Products */;
projectDirPath = "";
projectRoot = "";
targets = (
25682EB3854B484BBFDDEC98 /* AppSwift */,
);
};
/* End PBXProject section */

/* Begin PBXResourcesBuildPhase section */
852950E605B64BF0A93DC09D /* Resources */ = {
isa = PBXResourcesBuildPhase;
buildActionMask = 2147483647;
files = (
BAB0BE18542947C7B03DAC98 /* Assets.xcassets in Resources */,
0347096F2F9D4800B0D52ABA /* Preview Assets.xcassets in Resources */,
);
runOnlyForDeploymentPostprocessing = 0;
};
/* End PBXResourcesBuildPhase section */

/* Begin PBXSourcesBuildPhase section */
F5B61D0EA26541FA846C7D0D /* Sources */ = {
isa = PBXSourcesBuildPhase;
buildActionMask = 2147483647;
files = (
4C5BDB450CED4586856BAC06 /* AppSwiftApp.swift in Sources */,
755912FAA3A349C6989CE7D2 /* ContentView.swift in Sources */,
10BD17B31F0C434F9A2D58D9 /* ParityCheckView.swift in Sources */,
);
runOnlyForDeploymentPostprocessing = 0;
};
/* End PBXSourcesBuildPhase section */

/* Begin XCBuildConfiguration section */
A3D4CDE7094448C7B46FCA59 /* Debug */ = {
isa = XCBuildConfiguration;
buildSettings = {
ALWAYS_SEARCH_USER_PATHS = NO;
CLANG_ANALYZER_NONNULL = YES;
CLANG_ANALYZER_NUMBER_OBJECT_CONVERSION = YES_AGGRESSIVE;
CLANG_CXX_LANGUAGE_STANDARD = "gnu++20";
CLANG_ENABLE_MODULES = YES;
CLANG_ENABLE_OBJC_ARC = YES;
CLANG_WARN_BLOCK_CAPTURE_AUTORELEASING = YES;
CLANG_WARN_BOOL_CONVERSION = YES;
CLANG_WARN_COMMA = YES;
CLANG_WARN_CONSTANT_CONVERSION = YES;
CLANG_WARN_DEPRECATED_OBJC_IMPLEMENTATIONS = YES;
CLANG_WARN_DIRECT_OBJC_ISA_USAGE = YES_ERROR;
CLANG_WARN_DOCUMENTATION_COMMENTS = YES;
CLANG_WARN_EMPTY_BODY = YES;
CLANG_WARN_ENUM_CONVERSION = YES;
CLANG_WARN_INFINITE_RECURSION = YES;
CLANG_WARN_INT_CONVERSION = YES;
CLANG_WARN_NON_LITERAL_NULL_CONVERSION = YES;
CLANG_WARN_OBJC_IMPLICIT_RETAIN_SELF = YES;
CLANG_WARN_OBJC_LITERAL_CONVERSION = YES;
CLANG_WARN_OBJC_ROOT_CLASS = YES_ERROR;
CLANG_WARN_QUOTED_INCLUDE_IN_FRAMEWORK_HEADER = YES;
CLANG_WARN_RANGE_LOOP_ANALYSIS = YES;
CLANG_WARN_STRICT_PROTOTYPES = YES;
CLANG_WARN_SUSPICIOUS_MOVE = YES;
CLANG_WARN_UNGUARDED_AVAILABILITY = YES_AGGRESSIVE;
CODE_SIGN_STYLE = Automatic;
COPY_PHASE_STRIP = NO;
DEBUG_INFORMATION_FORMAT = dwarf;
ENABLE_STRICT_OBJC_MSGSEND = YES;
ENABLE_TESTABILITY = YES;
GCC_C_LANGUAGE_STANDARD = gnu17;
GCC_DYNAMIC_NO_PIC = NO;
GCC_NO_COMMON_BLOCKS = YES;
GCC_OPTIMIZATION_LEVEL = 0;
GCC_PREPROCESSOR_DEFINITIONS = (
"DEBUG=1",
"$(inherited)",
);
GCC_WARN_64_TO_32_BIT_CONVERSION = YES;
GCC_WARN_ABOUT_RETURN_TYPE = YES_ERROR;
GCC_WARN_UNDECLARED_SELECTOR = YES;
GCC_WARN_UNINITIALIZED_AUTOS = YES_AGGRESSIVE;
GCC_WARN_UNUSED_FUNCTION = YES;
GCC_WARN_UNUSED_VARIABLE = YES;
IPHONEOS_DEPLOYMENT_TARGET = 15.0;
MTL_ENABLE_DEBUG_INFO = INCLUDE_SOURCE;
ONLY_ACTIVE_ARCH = YES;
SDKROOT = iphoneos;
};
name = Debug;
};
D18EA20D32C846E69EBFE8F3 /* Release */ = {
isa = XCBuildConfiguration;
buildSettings = {
ALWAYS_SEARCH_USER_PATHS = NO;
CLANG_ANALYZER_NONNULL = YES;
CLANG_ANALYZER_NUMBER_OBJECT_CONVERSION = YES_AGGRESSIVE;
CLANG_CXX_LANGUAGE_STANDARD = "gnu++20";
CLANG_ENABLE_MODULES = YES;
CLANG_ENABLE_OBJC_ARC = YES;
CLANG_WARN_BLOCK_CAPTURE_AUTORELEASING = YES;
CLANG_WARN_BOOL_CONVERSION = YES;
CLANG_WARN_COMMA = YES;
CLANG_WARN_CONSTANT_CONVERSION = YES;
CLANG_WARN_DEPRECATED_OBJC_IMPLEMENTATIONS = YES;
CLANG_WARN_DIRECT_OBJC_ISA_USAGE = YES_ERROR;
CLANG_WARN_DOCUMENTATION_COMMENTS = YES;
CLANG_WARN_EMPTY_BODY = YES;
CLANG_WARN_ENUM_CONVERSION = YES;
CLANG_WARN_INFINITE_RECURSION = YES;
CLANG_WARN_INT_CONVERSION = YES;
CLANG_WARN_NON_LITERAL_NULL_CONVERSION = YES;
CLANG_WARN_OBJC_IMPLICIT_RETAIN_SELF = YES;
CLANG_WARN_OBJC_LITERAL_CONVERSION = YES;
CLANG_WARN_OBJC_ROOT_CLASS = YES_ERROR;
CLANG_WARN_QUOTED_INCLUDE_IN_FRAMEWORK_HEADER = YES;
CLANG_WARN_RANGE_LOOP_ANALYSIS = YES;
CLANG_WARN_STRICT_PROTOTYPES = YES;
CLANG_WARN_SUSPICIOUS_MOVE = YES;
CLANG_WARN_UNGUARDED_AVAILABILITY = YES_AGGRESSIVE;
CODE_SIGN_STYLE = Automatic;
COPY_PHASE_STRIP = NO;
DEBUG_INFORMATION_FORMAT = "dwarf-with-dsym";
ENABLE_NS_ASSERTIONS = NO;
ENABLE_STRICT_OBJC_MSGSEND = YES;
GCC_C_LANGUAGE_STANDARD = gnu17;
GCC_NO_COMMON_BLOCKS = YES;
GCC_WARN_64_TO_32_BIT_CONVERSION = YES;
GCC_WARN_ABOUT_RETURN_TYPE = YES_ERROR;
GCC_WARN_UNDECLARED_SELECTOR = YES;
GCC_WARN_UNINITIALIZED_AUTOS = YES_AGGRESSIVE;
GCC_WARN_UNUSED_FUNCTION = YES;
GCC_WARN_UNUSED_VARIABLE = YES;
IPHONEOS_DEPLOYMENT_TARGET = 15.0;
MTL_ENABLE_DEBUG_INFO = NO;
SDKROOT = iphoneos;
VALIDATE_PRODUCT = YES;
};
name = Release;
};
AFDA43E65CA647EE9D6D1D06 /* Debug */ = {
isa = XCBuildConfiguration;
buildSettings = {
ASSETCATALOG_COMPILER_APPICON_NAME = AppIcon;
CODE_SIGN_STYLE = Automatic;
DEVELOPMENT_TEAM = "";
INFOPLIST_FILE = AppSwift/Info.plist;
IPHONEOS_DEPLOYMENT_TARGET = 15.0;
LD_RUNPATH_SEARCH_PATHS = (
"$(inherited)",
"@executable_path/Frameworks",
);
PRODUCT_BUNDLE_IDENTIFIER = com.example.AppSwift;
PRODUCT_NAME = "$(TARGET_NAME)";
SWIFT_EMIT_LOC_STRINGS = YES;
SWIFT_VERSION = 5.0;
TARGETED_DEVICE_FAMILY = "1,2";
};
name = Debug;
};
9C81F4D857B14BDC92785002 /* Release */ = {
isa = XCBuildConfiguration;
buildSettings = {
ASSETCATALOG_COMPILER_APPICON_NAME = AppIcon;
CODE_SIGN_STYLE = Automatic;
DEVELOPMENT_TEAM = "";
INFOPLIST_FILE = AppSwift/Info.plist;
IPHONEOS_DEPLOYMENT_TARGET = 15.0;
LD_RUNPATH_SEARCH_PATHS = (
"$(inherited)",
"@executable_path/Frameworks",
);
PRODUCT_BUNDLE_IDENTIFIER = com.example.AppSwift;
PRODUCT_NAME = "$(TARGET_NAME)";
SWIFT_EMIT_LOC_STRINGS = YES;
SWIFT_VERSION = 5.0;
TARGETED_DEVICE_FAMILY = "1,2";
};
name = Release;
};
/* End XCBuildConfiguration section */

/* Begin XCConfigurationList section */
07FBED9FB79D48B3BA8FF3F1 /* Build configuration list for PBXProject "AppSwift" */ = {
isa = XCConfigurationList;
buildConfigurations = (
A3D4CDE7094448C7B46FCA59 /* Debug */,
D18EA20D32C846E69EBFE8F3 /* Release */,
);
defaultConfigurationIsVisible = 0;
defaultConfigurationName = Release;
};
328B03EEA30D47488C6001D3 /* Build configuration list for PBXNativeTarget "AppSwift" */ = {
isa = XCConfigurationList;
buildConfigurations = (
AFDA43E65CA647EE9D6D1D06 /* Debug */,
9C81F4D857B14BDC92785002 /* Release */,
);
defaultConfigurationIsVisible = 0;
defaultConfigurationName = Release;
};
/* End XCConfigurationList section */
};
rootObject = 0FD2CD11663C47F59E23D15A /* Project object */;
}
